# THIS IS AN AUTOGENERATED FILE. DO NOT EDIT THIS FILE DIRECTLY.
# yarn lockfile v1


"@types/bcryptjs@^2.4.1":
  version "2.4.1"
  resolved "https://registry.yarnpkg.com/@types/bcryptjs/-/bcryptjs-2.4.1.tgz#7fb63922b5b106edacdcfe084cd38850f78aacfc"

"@types/node@^7.0.14":
  version "7.0.56"
  resolved "http://registry.npmjs.org/@types/node/-/node-7.0.56.tgz#b6b659049191822be43c14610c1785d4b9cddecf"

"@types/validator@^6.3.0":
  version "6.3.0"
  resolved "https://registry.yarnpkg.com/@types/validator/-/validator-6.3.0.tgz#d7454bd67c6a933a9dbe939ae16edbf0f6894e70"

bcryptjs@^2.4.3:
  version "2.4.3"
  resolved "https://registry.yarnpkg.com/bcryptjs/-/bcryptjs-2.4.3.tgz#9ab5627b93e60621ff7cdac5da9733027df1d0cb"

cross-fetch@2.0.0:
  version "2.0.0"
  resolved "https://registry.yarnpkg.com/cross-fetch/-/cross-fetch-2.0.0.tgz#a17475449561e0f325146cea636a8619efb9b382"
  dependencies:
    node-fetch "2.0.0"
    whatwg-fetch "2.0.3"

graphcool-lib@^0.0.3:
  version "0.0.3"
  resolved "https://registry.yarnpkg.com/graphcool-lib/-/graphcool-lib-0.0.3.tgz#c7277782d975a6dd428c217409f7d8a44be0cc0e"
  dependencies:
    "@types/node" "^7.0.14"
    graphql-request "^1.2.0"
    source-map-support "^0.4.15"

graphql-request@^1.2.0, graphql-request@^1.4.0:
  version "1.5.1"
  resolved "https://registry.yarnpkg.com/graphql-request/-/graphql-request-1.5.1.tgz#cccdf5cce6432ca062b90f7b63793c77c821ff9a"
  dependencies:
    cross-fetch "2.0.0"

node-fetch@2.0.0:
  version "2.0.0"
  resolved "https://registry.yarnpkg.com/node-fetch/-/node-fetch-2.0.0.tgz#982bba43ecd4f2922a29cc186a6bbb0bb73fcba6"

source-map-support@^0.4.15:
  version "0.4.18"
  resolved "https://registry.yarnpkg.com/source-map-support/-/source-map-support-0.4.18.tgz#0286a6de8be42641338594e97ccea75f0a2c585f"
  dependencies:
    source-map "^0.5.6"

source-map@^0.5.6:
  version "0.5.7"
  resolved "https://registry.yarnpkg.com/source-map/-/source-map-0.5.7.tgz#8a039d2d1021d22d1ea14c80d8ea468ba2ef3fcc"

validator@^9.0.0:
  version "9.4.1"
  resolved "https://registry.yarnpkg.com/validator/-/validator-9.4.1.tgz#abf466d398b561cd243050112c6ff1de6cc12663"

whatwg-fetch@2.0.3:
  version "2.0.3"
  resolved "https://registry.yarnpkg.com/whatwg-fetch/-/whatwg-fetch-2.0.3.tgz#9c84ec2dcf68187ff00bc64e1274b442176e1c84"
